{
  "version": 4,
  "terraform_version": "0.12.24",
  "serial": 75,
  "lineage": "04f57102-8f26-35cc-6734-cf3ea17407e1",
  "outputs": {},
  "resources": [
    {
      "mode": "managed",
      "type": "azurerm_network_interface",
      "name": "example",
      "provider": "provider.azurerm",
      "instances": [
        {
          "schema_version": 0,
          "attributes": {
            "applied_dns_servers": [],
            "dns_servers": [],
            "enable_accelerated_networking": false,
            "enable_ip_forwarding": false,
            "id": "/subscriptions/a589d8cd-6c00-4c13-b656-edeec6ea5ce2/resourceGroups/tfrg1/providers/Microsoft.Network/networkInterfaces/example-nic",
            "internal_dns_name_label": "",
            "ip_configuration": [
              {
                "name": "internal",
                "primary": true,
                "private_ip_address": "10.0.2.4",
                "private_ip_address_allocation": "Dynamic",
                "private_ip_address_version": "IPv4",
                "public_ip_address_id": "",
                "subnet_id": "/subscriptions/a589d8cd-6c00-4c13-b656-edeec6ea5ce2/resourceGroups/tfrg1/providers/Microsoft.Network/virtualNetworks/example-network/subnets/internal"
              }
            ],
            "location": "westus2",
            "mac_address": "",
            "name": "example-nic",
            "private_ip_address": "10.0.2.4",
            "private_ip_addresses": [
              "10.0.2.4"
            ],
            "resource_group_name": "tfrg1",
            "tags": null,
            "timeouts": null,
            "virtual_machine_id": ""
          },
          "private": "eyJlMmJmYjczMC1lY2FhLTExZTYtOGY4OC0zNDM2M2JjN2M0YzAiOnsiY3JlYXRlIjoxODAwMDAwMDAwMDAwLCJkZWxldGUiOjE4MDAwMDAwMDAwMDAsInJlYWQiOjMwMDAwMDAwMDAwMCwidXBkYXRlIjoxODAwMDAwMDAwMDAwfX0=",
          "dependencies": [
            "azurerm_resource_group.tftest",
            "azurerm_subnet.example",
            "azurerm_virtual_network.example"
          ]
        }
      ]
    },
    {
      "mode": "managed",
      "type": "azurerm_proximity_placement_group",
      "name": "example",
      "provider": "provider.azurerm",
      "instances": [
        {
          "schema_version": 0,
          "attributes": {
            "id": "/subscriptions/a589d8cd-6c00-4c13-b656-edeec6ea5ce2/resourceGroups/tfrg1/providers/Microsoft.Compute/proximityPlacementGroups/exampleProximityPlacementGroup",
            "location": "westus2",
            "name": "exampleProximityPlacementGroup",
            "resource_group_name": "tfrg1",
            "tags": {
              "environment": "terraformvm"
            },
            "timeouts": null
          },
          "private": "eyJlMmJmYjczMC1lY2FhLTExZTYtOGY4OC0zNDM2M2JjN2M0YzAiOnsiY3JlYXRlIjoxODAwMDAwMDAwMDAwLCJkZWxldGUiOjE4MDAwMDAwMDAwMDAsInJlYWQiOjMwMDAwMDAwMDAwMCwidXBkYXRlIjoxODAwMDAwMDAwMDAwfX0=",
          "dependencies": [
            "azurerm_resource_group.tftest"
          ]
        }
      ]
    },
    {
      "mode": "managed",
      "type": "azurerm_resource_group",
      "name": "tftest",
      "provider": "provider.azurerm",
      "instances": [
        {
          "schema_version": 0,
          "attributes": {
            "id": "/subscriptions/a589d8cd-6c00-4c13-b656-edeec6ea5ce2/resourceGroups/tfrg1",
            "location": "westus2",
            "name": "tfrg1",
            "tags": null,
            "timeouts": null
          },
          "private": "eyJlMmJmYjczMC1lY2FhLTExZTYtOGY4OC0zNDM2M2JjN2M0YzAiOnsiY3JlYXRlIjo1NDAwMDAwMDAwMDAwLCJkZWxldGUiOjU0MDAwMDAwMDAwMDAsInJlYWQiOjMwMDAwMDAwMDAwMCwidXBkYXRlIjo1NDAwMDAwMDAwMDAwfX0="
        }
      ]
    },
    {
      "mode": "managed",
      "type": "azurerm_subnet",
      "name": "example",
      "provider": "provider.azurerm",
      "instances": [
        {
          "schema_version": 0,
          "attributes": {
            "address_prefix": "10.0.2.0/24",
            "delegation": [],
            "enforce_private_link_endpoint_network_policies": false,
            "enforce_private_link_service_network_policies": false,
            "id": "/subscriptions/a589d8cd-6c00-4c13-b656-edeec6ea5ce2/resourceGroups/tfrg1/providers/Microsoft.Network/virtualNetworks/example-network/subnets/internal",
            "name": "internal",
            "resource_group_name": "tfrg1",
            "service_endpoints": null,
            "timeouts": null,
            "virtual_network_name": "example-network"
          },
          "private": "eyJlMmJmYjczMC1lY2FhLTExZTYtOGY4OC0zNDM2M2JjN2M0YzAiOnsiY3JlYXRlIjoxODAwMDAwMDAwMDAwLCJkZWxldGUiOjE4MDAwMDAwMDAwMDAsInJlYWQiOjMwMDAwMDAwMDAwMCwidXBkYXRlIjoxODAwMDAwMDAwMDAwfX0=",
          "dependencies": [
            "azurerm_resource_group.tftest",
            "azurerm_virtual_network.example"
          ]
        }
      ]
    },
    {
      "mode": "managed",
      "type": "azurerm_virtual_network",
      "name": "example",
      "provider": "provider.azurerm",
      "instances": [
        {
          "schema_version": 0,
          "attributes": {
            "address_space": [
              "10.0.0.0/16"
            ],
            "ddos_protection_plan": [],
            "dns_servers": null,
            "id": "/subscriptions/a589d8cd-6c00-4c13-b656-edeec6ea5ce2/resourceGroups/tfrg1/providers/Microsoft.Network/virtualNetworks/example-network",
            "location": "westus2",
            "name": "example-network",
            "resource_group_name": "tfrg1",
            "subnet": [],
            "tags": null,
            "timeouts": null
          },
          "private": "eyJlMmJmYjczMC1lY2FhLTExZTYtOGY4OC0zNDM2M2JjN2M0YzAiOnsiY3JlYXRlIjoxODAwMDAwMDAwMDAwLCJkZWxldGUiOjE4MDAwMDAwMDAwMDAsInJlYWQiOjMwMDAwMDAwMDAwMCwidXBkYXRlIjoxODAwMDAwMDAwMDAwfX0=",
          "dependencies": [
            "azurerm_resource_group.tftest"
          ]
        }
      ]
    }
  ]
}
